
Microsoft Visual Studio Solution File, Format Version 12.00
# Visual Studio Version 17
VisualStudioVersion = 17.4.33110.190
MinimumVisualStudioVersion = 10.0.40219.1
Project("{8BC9CEB8-8B4A-11D0-8D11-00A0C91BC942}") = "Opencv", "Opencv\Opencv.vcxproj", "{EDAD6381-725E-4A71-B9AE-2C0ED1BEE76C}"
EndProject
Global
	GlobalSection(SolutionConfigurationPlatforms) = preSolution
		Debug|x64 = Debug|x64
		Debug|x86 = Debug|x86
		Release|x64 = Release|x64
		Release|x86 = Release|x86
	EndGlobalSection
	GlobalSection(ProjectConfigurationPlatforms) = postSolution
		{EDAD6381-725E-4A71-B9AE-2C0ED1BEE76C}.Debug|x64.ActiveCfg = Debug|x64
		{EDAD6381-725E-4A71-B9AE-2C0ED1BEE76C}.Debug|x64.Build.0 = Debug|x64
		{EDAD6381-725E-4A71-B9AE-2C0ED1BEE76C}.Debug|x86.ActiveCfg = Debug|Win32
		{EDAD6381-725E-4A71-B9AE-2C0ED1BEE76C}.Debug|x86.Build.0 = Debug|Win32
		{EDAD6381-725E-4A71-B9AE-2C0ED1BEE76C}.Release|x64.ActiveCfg = Release|x64
		{EDAD6381-725E-4A71-B9AE-2C0ED1BEE76C}.Release|x64.Build.0 = Release|x64
		{EDAD6381-725E-4A71-B9AE-2C0ED1BEE76C}.Release|x86.ActiveCfg = Release|Win32
		{EDAD6381-725E-4A71-B9AE-2C0ED1BEE76C}.Release|x86.Build.0 = Release|Win32
	EndGlobalSection
	GlobalSection(SolutionProperties) = preSolution
		HideSolutionNode = FALSE
	EndGlobalSection
	GlobalSection(ExtensibilityGlobals) = postSolution
		SolutionGuid = {90DAA45E-06FC-4357-8713-8EAB772D3BF1}
	EndGlobalSection
EndGlobal
